// !$*UTF8*$!
{
	archiveVersion = 1;
	classes = {
	};
	objectVersion = 56;
	objects = {

/* Begin PBXBuildFile section */
		3ACF06852959E130004DD16D /* AppDelegate.swift in Sources */ = {isa = PBXBuildFile; fileRef = 3ACF06842959E130004DD16D /* AppDelegate.swift */; };
		3ACF06872959E130004DD16D /* SceneDelegate.swift in Sources */ = {isa = PBXBuildFile; fileRef = 3ACF06862959E130004DD16D /* SceneDelegate.swift */; };
		3ACF06892959E130004DD16D /* MainController.swift in Sources */ = {isa = PBXBuildFile; fileRef = 3ACF06882959E130004DD16D /* MainController.swift */; };
		3ACF068F2959E130004DD16D /* NotesApp.xcdatamodeld in Sources */ = {isa = PBXBuildFile; fileRef = 3ACF068D2959E130004DD16D /* NotesApp.xcdatamodeld */; };
		3ACF06912959E131004DD16D /* Assets.xcassets in Resources */ = {isa = PBXBuildFile; fileRef = 3ACF06902959E131004DD16D /* Assets.xcassets */; };
		3ACF06942959E132004DD16D /* LaunchScreen.storyboard in Resources */ = {isa = PBXBuildFile; fileRef = 3ACF06922959E132004DD16D /* LaunchScreen.storyboard */; };
		3ACF069D2959E171004DD16D /* SnapKit in Frameworks */ = {isa = PBXBuildFile; productRef = 3ACF069C2959E171004DD16D /* SnapKit */; };
		3ACF06A72959E511004DD16D /* Localization.swift in Sources */ = {isa = PBXBuildFile; fileRef = 3ACF06A62959E511004DD16D /* Localization.swift */; };
		3ACF06A92959E521004DD16D /* Colors.swift in Sources */ = {isa = PBXBuildFile; fileRef = 3ACF06A82959E521004DD16D /* Colors.swift */; };
		3ACF06AB2959E55A004DD16D /* Fonts.swift in Sources */ = {isa = PBXBuildFile; fileRef = 3ACF06AA2959E55A004DD16D /* Fonts.swift */; };
		3ACF06AF2959E607004DD16D /* MainView.swift in Sources */ = {isa = PBXBuildFile; fileRef = 3ACF06AE2959E607004DD16D /* MainView.swift */; };
		3ACF06B12959E62C004DD16D /* MainModel.swift in Sources */ = {isa = PBXBuildFile; fileRef = 3ACF06B02959E62C004DD16D /* MainModel.swift */; };
/* End PBXBuildFile section */

/* Begin PBXFileReference section */
		3ACF06812959E130004DD16D /* NotesApp.app */ = {isa = PBXFileReference; explicitFileType = wrapper.application; includeInIndex = 0; path = NotesApp.app; sourceTree = BUILT_PRODUCTS_DIR; };
		3ACF06842959E130004DD16D /* AppDelegate.swift */ = {isa = PBXFileReference; lastKnownFileType = sourcecode.swift; path = AppDelegate.swift; sourceTree = "<group>"; };
		3ACF06862959E130004DD16D /* SceneDelegate.swift */ = {isa = PBXFileReference; lastKnownFileType = sourcecode.swift; path = SceneDelegate.swift; sourceTree = "<group>"; };
		3ACF06882959E130004DD16D /* MainController.swift */ = {isa = PBXFileReference; lastKnownFileType = sourcecode.swift; path = MainController.swift; sourceTree = "<group>"; };
		3ACF068E2959E130004DD16D /* NotesApp.xcdatamodel */ = {isa = PBXFileReference; lastKnownFileType = wrapper.xcdatamodel; path = NotesApp.xcdatamodel; sourceTree = "<group>"; };
		3ACF06902959E131004DD16D /* Assets.xcassets */ = {isa = PBXFileReference; lastKnownFileType = folder.assetcatalog; path = Assets.xcassets; sourceTree = "<group>"; };
		3ACF06932959E132004DD16D /* Base */ = {isa = PBXFileReference; lastKnownFileType = file.storyboard; name = Base; path = Base.lproj/LaunchScreen.storyboard; sourceTree = "<group>"; };
		3ACF06952959E132004DD16D /* Info.plist */ = {isa = PBXFileReference; lastKnownFileType = text.plist.xml; path = Info.plist; sourceTree = "<group>"; };
		3ACF06A62959E511004DD16D /* Localization.swift */ = {isa = PBXFileReference; lastKnownFileType = sourcecode.swift; path = Localization.swift; sourceTree = "<group>"; };
		3ACF06A82959E521004DD16D /* Colors.swift */ = {isa = PBXFileReference; lastKnownFileType = sourcecode.swift; path = Colors.swift; sourceTree = "<group>"; };
		3ACF06AA2959E55A004DD16D /* Fonts.swift */ = {isa = PBXFileReference; lastKnownFileType = sourcecode.swift; path = Fonts.swift; sourceTree = "<group>"; };
		3ACF06AE2959E607004DD16D /* MainView.swift */ = {isa = PBXFileReference; lastKnownFileType = sourcecode.swift; path = MainView.swift; sourceTree = "<group>"; };
		3ACF06B02959E62C004DD16D /* MainModel.swift */ = {isa = PBXFileReference; lastKnownFileType = sourcecode.swift; path = MainModel.swift; sourceTree = "<group>"; };
/* End PBXFileReference section */

/* Begin PBXFrameworksBuildPhase section */
		3ACF067E2959E12F004DD16D /* Frameworks */ = {
			isa = PBXFrameworksBuildPhase;
			buildActionMask = 2147483647;
			files = (
				3ACF069D2959E171004DD16D /* SnapKit in Frameworks */,
			);
			runOnlyForDeploymentPostprocessing = 0;
		};
/* End PBXFrameworksBuildPhase section */

/* Begin PBXGroup section */
		3ACF06782959E12F004DD16D = {
			isa = PBXGroup;
			children = (
				3ACF06832959E130004DD16D /* NotesApp */,
				3ACF06822959E130004DD16D /* Products */,
			);
			sourceTree = "<group>";
		};
		3ACF06822959E130004DD16D /* Products */ = {
			isa = PBXGroup;
			children = (
				3ACF06812959E130004DD16D /* NotesApp.app */,
			);
			name = Products;
			sourceTree = "<group>";
		};
		3ACF06832959E130004DD16D /* NotesApp */ = {
			isa = PBXGroup;
			children = (
				3ACF069F2959E276004DD16D /* Sources */,
				3ACF069E2959E25A004DD16D /* Resources */,
				3ACF06902959E131004DD16D /* Assets.xcassets */,
			);
			path = NotesApp;
			sourceTree = "<group>";
		};
		3ACF069E2959E25A004DD16D /* Resources */ = {
			isa = PBXGroup;
			children = (
				3ACF06A42959E313004DD16D /* StoryBoards */,
				3ACF06A22959E2A5004DD16D /* Configs */,
			);
			path = Resources;
			sourceTree = "<group>";
		};
		3ACF069F2959E276004DD16D /* Sources */ = {
			isa = PBXGroup;
			children = (
				3ACF06A52959E4FC004DD16D /* Common */,
				3ACF06A12959E285004DD16D /* Scenes */,
				3ACF06A02959E27E004DD16D /* App */,
			);
			path = Sources;
			sourceTree = "<group>";
		};
		3ACF06A02959E27E004DD16D /* App */ = {
			isa = PBXGroup;
			children = (
				3ACF06842959E130004DD16D /* AppDelegate.swift */,
				3ACF06862959E130004DD16D /* SceneDelegate.swift */,
			);
			path = App;
			sourceTree = "<group>";
		};
		3ACF06A12959E285004DD16D /* Scenes */ = {
			isa = PBXGroup;
			children = (
				3ACF06AD2959E5BA004DD16D /* MainScreen */,
			);
			path = Scenes;
			sourceTree = "<group>";
		};
		3ACF06A22959E2A5004DD16D /* Configs */ = {
			isa = PBXGroup;
			children = (
				3ACF06952959E132004DD16D /* Info.plist */,
			);
			path = Configs;
			sourceTree = "<group>";
		};
		3ACF06A32959E2B0004DD16D /* CoreData */ = {
			isa = PBXGroup;
			children = (
				3ACF068D2959E130004DD16D /* NotesApp.xcdatamodeld */,
			);
			path = CoreData;
			sourceTree = "<group>";
		};
		3ACF06A42959E313004DD16D /* StoryBoards */ = {
			isa = PBXGroup;
			children = (
				3ACF06922959E132004DD16D /* LaunchScreen.storyboard */,
			);
			path = StoryBoards;
			sourceTree = "<group>";
		};
		3ACF06A52959E4FC004DD16D /* Common */ = {
			isa = PBXGroup;
			children = (
				3ACF06AC2959E566004DD16D /* Constants */,
				3ACF06A32959E2B0004DD16D /* CoreData */,
			);
			path = Common;
			sourceTree = "<group>";
		};
		3ACF06AC2959E566004DD16D /* Constants */ = {
			isa = PBXGroup;
			children = (
				3ACF06A62959E511004DD16D /* Localization.swift */,
				3ACF06A82959E521004DD16D /* Colors.swift */,
				3ACF06AA2959E55A004DD16D /* Fonts.swift */,
			);
			path = Constants;
			sourceTree = "<group>";
		};
		3ACF06AD2959E5BA004DD16D /* MainScreen */ = {
			isa = PBXGroup;
			children = (
				3ACF06882959E130004DD16D /* MainController.swift */,
				3ACF06AE2959E607004DD16D /* MainView.swift */,
				3ACF06B02959E62C004DD16D /* MainModel.swift */,
			);
			path = MainScreen;
			sourceTree = "<group>";
		};
/* End PBXGroup section */

/* Begin PBXNativeTarget section */
		3ACF06802959E12F004DD16D /* NotesApp */ = {
			isa = PBXNativeTarget;
			buildConfigurationList = 3ACF06982959E132004DD16D /* Build configuration list for PBXNativeTarget "NotesApp" */;
			buildPhases = (
				3ACF067D2959E12F004DD16D /* Sources */,
				3ACF067E2959E12F004DD16D /* Frameworks */,
				3ACF067F2959E12F004DD16D /* Resources */,
			);
			buildRules = (
			);
			dependencies = (
			);
			name = NotesApp;
			packageProductDependencies = (
				3ACF069C2959E171004DD16D /* SnapKit */,
			);
			productName = NotesApp;
			productReference = 3ACF06812959E130004DD16D /* NotesApp.app */;
			productType = "com.apple.product-type.application";
		};
/* End PBXNativeTarget section */

/* Begin PBXProject section */
		3ACF06792959E12F004DD16D /* Project object */ = {
			isa = PBXProject;
			attributes = {
				BuildIndependentTargetsInParallel = 1;
				LastSwiftUpdateCheck = 1420;
				LastUpgradeCheck = 1420;
				TargetAttributes = {
					3ACF06802959E12F004DD16D = {
						CreatedOnToolsVersion = 14.2;
					};
				};
			};
			buildConfigurationList = 3ACF067C2959E12F004DD16D /* Build configuration list for PBXProject "NotesApp" */;
			compatibilityVersion = "Xcode 14.0";
			developmentRegion = en;
			hasScannedForEncodings = 0;
			knownRegions = (
				en,
				Base,
			);
			mainGroup = 3ACF06782959E12F004DD16D;
			packageReferences = (
				3ACF069B2959E171004DD16D /* XCRemoteSwiftPackageReference "SnapKit" */,
			);
			productRefGroup = 3ACF06822959E130004DD16D /* Products */;
			projectDirPath = "";
			projectRoot = "";
			targets = (
				3ACF06802959E12F004DD16D /* NotesApp */,
			);
		};
/* End PBXProject section */

/* Begin PBXResourcesBuildPhase section */
		3ACF067F2959E12F004DD16D /* Resources */ = {
			isa = PBXResourcesBuildPhase;
			buildActionMask = 2147483647;
			files = (
				3ACF06942959E132004DD16D /* LaunchScreen.storyboard in Resources */,
				3ACF06912959E131004DD16D /* Assets.xcassets in Resources */,
			);
			runOnlyForDeploymentPostprocessing = 0;
		};
/* End PBXResourcesBuildPhase section */

/* Begin PBXSourcesBuildPhase section */
		3ACF067D2959E12F004DD16D /* Sources */ = {
			isa = PBXSourcesBuildPhase;
			buildActionMask = 2147483647;
			files = (
				3ACF06AB2959E55A004DD16D /* Fonts.swift in Sources */,
				3ACF06AF2959E607004DD16D /* MainView.swift in Sources */,
				3ACF06892959E130004DD16D /* MainController.swift in Sources */,
				3ACF06A92959E521004DD16D /* Colors.swift in Sources */,
				3ACF06A72959E511004DD16D /* Localization.swift in Sources */,
				3ACF06B12959E62C004DD16D /* MainModel.swift in Sources */,
				3ACF06852959E130004DD16D /* AppDelegate.swift in Sources */,
				3ACF06872959E130004DD16D /* SceneDelegate.swift in Sources */,
				3ACF068F2959E130004DD16D /* NotesApp.xcdatamodeld in Sources */,
			);
			runOnlyForDeploymentPostprocessing = 0;
		};
/* End PBXSourcesBuildPhase section */

/* Begin PBXVariantGroup section */
		3ACF06922959E132004DD16D /* LaunchScreen.storyboard */ = {
			isa = PBXVariantGroup;
			children = (
				3ACF06932959E132004DD16D /* Base */,
			);
			name = LaunchScreen.storyboard;
			sourceTree = "<group>";
		};
/* End PBXVariantGroup section */

/* Begin XCBuildConfiguration section */
		3ACF06962959E132004DD16D /* Debug */ = {
			isa = XCBuildConfiguration;
			buildSettings = {
				ALWAYS_SEARCH_USER_PATHS = NO;
				CLANG_ANALYZER_NONNULL = YES;
				CLANG_ANALYZER_NUMBER_OBJECT_CONVERSION = YES_AGGRESSIVE;
				CLANG_CXX_LANGUAGE_STANDARD = "gnu++20";
				CLANG_ENABLE_MODULES = YES;
				CLANG_ENABLE_OBJC_ARC = YES;
				CLANG_ENABLE_OBJC_WEAK = YES;
				CLANG_WARN_BLOCK_CAPTURE_AUTORELEASING = YES;
				CLANG_WARN_BOOL_CONVERSION = YES;
				CLANG_WARN_COMMA = YES;
				CLANG_WARN_CONSTANT_CONVERSION = YES;
				CLANG_WARN_DEPRECATED_OBJC_IMPLEMENTATIONS = YES;
				CLANG_WARN_DIRECT_OBJC_ISA_USAGE = YES_ERROR;
				CLANG_WARN_DOCUMENTATION_COMMENTS = YES;
				CLANG_WARN_EMPTY_BODY = YES;
				CLANG_WARN_ENUM_CONVERSION = YES;
				CLANG_WARN_INFINITE_RECURSION = YES;
				CLANG_WARN_INT_CONVERSION = YES;
				CLANG_WARN_NON_LITERAL_NULL_CONVERSION = YES;
				CLANG_WARN_OBJC_IMPLICIT_RETAIN_SELF = YES;
				CLANG_WARN_OBJC_LITERAL_CONVERSION = YES;
				CLANG_WARN_OBJC_ROOT_CLASS = YES_ERROR;
				CLANG_WARN_QUOTED_INCLUDE_IN_FRAMEWORK_HEADER = YES;
				CLANG_WARN_RANGE_LOOP_ANALYSIS = YES;
				CLANG_WARN_STRICT_PROTOTYPES = YES;
				CLANG_WARN_SUSPICIOUS_MOVE = YES;
				CLANG_WARN_UNGUARDED_AVAILABILITY = YES_AGGRESSIVE;
				CLANG_WARN_UNREACHABLE_CODE = YES;
				CLANG_WARN__DUPLICATE_METHOD_MATCH = YES;
				COPY_PHASE_STRIP = NO;
				DEBUG_INFORMATION_FORMAT = dwarf;
				ENABLE_STRICT_OBJC_MSGSEND = YES;
				ENABLE_TESTABILITY = YES;
				GCC_C_LANGUAGE_STANDARD = gnu11;
				GCC_DYNAMIC_NO_PIC = NO;
				GCC_NO_COMMON_BLOCKS = YES;
				GCC_OPTIMIZATION_LEVEL = 0;
				GCC_PREPROCESSOR_DEFINITIONS = (
					"DEBUG=1",
					"$(inherited)",
				);
				GCC_WARN_64_TO_32_BIT_CONVERSION = YES;
				GCC_WARN_ABOUT_RETURN_TYPE = YES_ERROR;
				GCC_WARN_UNDECLARED_SELECTOR = YES;
				GCC_WARN_UNINITIALIZED_AUTOS = YES_AGGRESSIVE;
				GCC_WARN_UNUSED_FUNCTION = YES;
				GCC_WARN_UNUSED_VARIABLE = YES;
				IPHONEOS_DEPLOYMENT_TARGET = 16.2;
				MTL_ENABLE_DEBUG_INFO = INCLUDE_SOURCE;
				MTL_FAST_MATH = YES;
				ONLY_ACTIVE_ARCH = YES;
				SDKROOT = iphoneos;
				SWIFT_ACTIVE_COMPILATION_CONDITIONS = DEBUG;
				SWIFT_OPTIMIZATION_LEVEL = "-Onone";
			};
			name = Debug;
		};
		3ACF06972959E132004DD16D /* Release */ = {
			isa = XCBuildConfiguration;
			buildSettings = {
				ALWAYS_SEARCH_USER_PATHS = NO;
				CLANG_ANALYZER_NONNULL = YES;
				CLANG_ANALYZER_NUMBER_OBJECT_CONVERSION = YES_AGGRESSIVE;
				CLANG_CXX_LANGUAGE_STANDARD = "gnu++20";
				CLANG_ENABLE_MODULES = YES;
				CLANG_ENABLE_OBJC_ARC = YES;
				CLANG_ENABLE_OBJC_WEAK = YES;
				CLANG_WARN_BLOCK_CAPTURE_AUTORELEASING = YES;
				CLANG_WARN_BOOL_CONVERSION = YES;
				CLANG_WARN_COMMA = YES;
				CLANG_WARN_CONSTANT_CONVERSION = YES;
				CLANG_WARN_DEPRECATED_OBJC_IMPLEMENTATIONS = YES;
				CLANG_WARN_DIRECT_OBJC_ISA_USAGE = YES_ERROR;
				CLANG_WARN_DOCUMENTATION_COMMENTS = YES;
				CLANG_WARN_EMPTY_BODY = YES;
				CLANG_WARN_ENUM_CONVERSION = YES;
				CLANG_WARN_INFINITE_RECURSION = YES;
				CLANG_WARN_INT_CONVERSION = YES;
				CLANG_WARN_NON_LITERAL_NULL_CONVERSION = YES;
				CLANG_WARN_OBJC_IMPLICIT_RETAIN_SELF = YES;
				CLANG_WARN_OBJC_LITERAL_CONVERSION = YES;
				CLANG_WARN_OBJC_ROOT_CLASS = YES_ERROR;
				CLANG_WARN_QUOTED_INCLUDE_IN_FRAMEWORK_HEADER = YES;
				CLANG_WARN_RANGE_LOOP_ANALYSIS = YES;
				CLANG_WARN_STRICT_PROTOTYPES = YES;
				CLANG_WARN_SUSPICIOUS_MOVE = YES;
				CLANG_WARN_UNGUARDED_AVAILABILITY = YES_AGGRESSIVE;
				CLANG_WARN_UNREACHABLE_CODE = YES;
				CLANG_WARN__DUPLICATE_METHOD_MATCH = YES;
				COPY_PHASE_STRIP = NO;
				DEBUG_INFORMATION_FORMAT = "dwarf-with-dsym";
				ENABLE_NS_ASSERTIONS = NO;
				ENABLE_STRICT_OBJC_MSGSEND = YES;
				GCC_C_LANGUAGE_STANDARD = gnu11;
				GCC_NO_COMMON_BLOCKS = YES;
				GCC_WARN_64_TO_32_BIT_CONVERSION = YES;
				GCC_WARN_ABOUT_RETURN_TYPE = YES_ERROR;
				GCC_WARN_UNDECLARED_SELECTOR = YES;
				GCC_WARN_UNINITIALIZED_AUTOS = YES_AGGRESSIVE;
				GCC_WARN_UNUSED_FUNCTION = YES;
				GCC_WARN_UNUSED_VARIABLE = YES;
				IPHONEOS_DEPLOYMENT_TARGET = 16.2;
				MTL_ENABLE_DEBUG_INFO = NO;
				MTL_FAST_MATH = YES;
				SDKROOT = iphoneos;
				SWIFT_COMPILATION_MODE = wholemodule;
				SWIFT_OPTIMIZATION_LEVEL = "-O";
				VALIDATE_PRODUCT = YES;
			};
			name = Release;
		};
		3ACF06992959E132004DD16D /* Debug */ = {
			isa = XCBuildConfiguration;
			buildSettings = {
				ASSETCATALOG_COMPILER_APPICON_NAME = AppIcon;
				ASSETCATALOG_COMPILER_GLOBAL_ACCENT_COLOR_NAME = AccentColor;
				CODE_SIGN_STYLE = Automatic;
				CURRENT_PROJECT_VERSION = 1;
				DEVELOPMENT_TEAM = XPDQ86R58G;
				GENERATE_INFOPLIST_FILE = YES;
				INFOPLIST_FILE = NotesApp/Resources/Configs/Info.plist;
				INFOPLIST_KEY_UIApplicationSupportsIndirectInputEvents = YES;
				INFOPLIST_KEY_UILaunchStoryboardName = LaunchScreen;
				INFOPLIST_KEY_UISupportedInterfaceOrientations_iPad = "UIInterfaceOrientationPortrait UIInterfaceOrientationPortraitUpsideDown UIInterfaceOrientationLandscapeLeft UIInterfaceOrientationLandscapeRight";
				INFOPLIST_KEY_UISupportedInterfaceOrientations_iPhone = "UIInterfaceOrientationPortrait UIInterfaceOrientationLandscapeLeft UIInterfaceOrientationLandscapeRight";
				IPHONEOS_DEPLOYMENT_TARGET = 15.2;
				LD_RUNPATH_SEARCH_PATHS = (
					"$(inherited)",
					"@executable_path/Frameworks",
				);
				MARKETING_VERSION = 1.0;
				PRODUCT_BUNDLE_IDENTIFIER = com.my.NotesApp;
				PRODUCT_NAME = "$(TARGET_NAME)";
				SWIFT_EMIT_LOC_STRINGS = YES;
				SWIFT_VERSION = 5.0;
				TARGETED_DEVICE_FAMILY = "1,2";
			};
			name = Debug;
		};
		3ACF069A2959E132004DD16D /* Release */ = {
			isa = XCBuildConfiguration;
			buildSettings = {
				ASSETCATALOG_COMPILER_APPICON_NAME = AppIcon;
				ASSETCATALOG_COMPILER_GLOBAL_ACCENT_COLOR_NAME = AccentColor;
				CODE_SIGN_STYLE = Automatic;
				CURRENT_PROJECT_VERSION = 1;
				DEVELOPMENT_TEAM = XPDQ86R58G;
				GENERATE_INFOPLIST_FILE = YES;
				INFOPLIST_FILE = NotesApp/Resources/Configs/Info.plist;
				INFOPLIST_KEY_UIApplicationSupportsIndirectInputEvents = YES;
				INFOPLIST_KEY_UILaunchStoryboardName = LaunchScreen;
				INFOPLIST_KEY_UISupportedInterfaceOrientations_iPad = "UIInterfaceOrientationPortrait UIInterfaceOrientationPortraitUpsideDown UIInterfaceOrientationLandscapeLeft UIInterfaceOrientationLandscapeRight";
				INFOPLIST_KEY_UISupportedInterfaceOrientations_iPhone = "UIInterfaceOrientationPortrait UIInterfaceOrientationLandscapeLeft UIInterfaceOrientationLandscapeRight";
				IPHONEOS_DEPLOYMENT_TARGET = 15.2;
				LD_RUNPATH_SEARCH_PATHS = (
					"$(inherited)",
					"@executable_path/Frameworks",
				);
				MARKETING_VERSION = 1.0;
				PRODUCT_BUNDLE_IDENTIFIER = com.my.NotesApp;
				PRODUCT_NAME = "$(TARGET_NAME)";
				SWIFT_EMIT_LOC_STRINGS = YES;
				SWIFT_VERSION = 5.0;
				TARGETED_DEVICE_FAMILY = "1,2";
			};
			name = Release;
		};
/* End XCBuildConfiguration section */

/* Begin XCConfigurationList section */
		3ACF067C2959E12F004DD16D /* Build configuration list for PBXProject "NotesApp" */ = {
			isa = XCConfigurationList;
			buildConfigurations = (
				3ACF06962959E132004DD16D /* Debug */,
				3ACF06972959E132004DD16D /* Release */,
			);
			defaultConfigurationIsVisible = 0;
			defaultConfigurationName = Release;
		};
		3ACF06982959E132004DD16D /* Build configuration list for PBXNativeTarget "NotesApp" */ = {
			isa = XCConfigurationList;
			buildConfigurations = (
				3ACF06992959E132004DD16D /* Debug */,
				3ACF069A2959E132004DD16D /* Release */,
			);
			defaultConfigurationIsVisible = 0;
			defaultConfigurationName = Release;
		};
/* End XCConfigurationList section */

/* Begin XCRemoteSwiftPackageReference section */
		3ACF069B2959E171004DD16D /* XCRemoteSwiftPackageReference "SnapKit" */ = {
			isa = XCRemoteSwiftPackageReference;
			repositoryURL = "https://github.com/SnapKit/SnapKit.git";
			requirement = {
				kind = upToNextMajorVersion;
				minimumVersion = 5.0.0;
			};
		};
/* End XCRemoteSwiftPackageReference section */

/* Begin XCSwiftPackageProductDependency section */
		3ACF069C2959E171004DD16D /* SnapKit */ = {
			isa = XCSwiftPackageProductDependency;
			package = 3ACF069B2959E171004DD16D /* XCRemoteSwiftPackageReference "SnapKit" */;
			productName = SnapKit;
		};
/* End XCSwiftPackageProductDependency section */

/* Begin XCVersionGroup section */
		3ACF068D2959E130004DD16D /* NotesApp.xcdatamodeld */ = {
			isa = XCVersionGroup;
			children = (
				3ACF068E2959E130004DD16D /* NotesApp.xcdatamodel */,
			);
			currentVersion = 3ACF068E2959E130004DD16D /* NotesApp.xcdatamodel */;
			path = NotesApp.xcdatamodeld;
			sourceTree = "<group>";
			versionGroupType = wrapper.xcdatamodel;
		};
/* End XCVersionGroup section */
	};
	rootObject = 3ACF06792959E12F004DD16D /* Project object */;
}
